
Microsoft Visual Studio Solution File, Format Version 12.00
# Visual Studio Version 16
VisualStudioVersion = 16.0.31220.234
MinimumVisualStudioVersion = 10.0.40219.1
Project("{FAE04EC0-301F-11D3-BF4B-00C04F79EFBC}") = "SqliteLogger", "SqliteLogger\SqliteLogger.csproj", "{66CE6702-4B3F-4D0A-B236-A6E51281FD46}"
EndProject
Project("{FAE04EC0-301F-11D3-BF4B-00C04F79EFBC}") = "Console", "Console\Console.csproj", "{A7CDCF6F-9F11-4A4A-BE3C-E529940168BC}"
EndProject
Global
	GlobalSection(SolutionConfigurationPlatforms) = preSolution
		Debug|Any CPU = Debug|Any CPU
		Release|Any CPU = Release|Any CPU
	EndGlobalSection
	GlobalSection(ProjectConfigurationPlatforms) = postSolution
		{66CE6702-4B3F-4D0A-B236-A6E51281FD46}.Debug|Any CPU.ActiveCfg = Debug|Any CPU
		{66CE6702-4B3F-4D0A-B236-A6E51281FD46}.Debug|Any CPU.Build.0 = Debug|Any CPU
		{66CE6702-4B3F-4D0A-B236-A6E51281FD46}.Release|Any CPU.ActiveCfg = Release|Any CPU
		{66CE6702-4B3F-4D0A-B236-A6E51281FD46}.Release|Any CPU.Build.0 = Release|Any CPU
		{A7CDCF6F-9F11-4A4A-BE3C-E529940168BC}.Debug|Any CPU.ActiveCfg = Debug|Any CPU
		{A7CDCF6F-9F11-4A4A-BE3C-E529940168BC}.Debug|Any CPU.Build.0 = Debug|Any CPU
		{A7CDCF6F-9F11-4A4A-BE3C-E529940168BC}.Release|Any CPU.ActiveCfg = Release|Any CPU
		{A7CDCF6F-9F11-4A4A-BE3C-E529940168BC}.Release|Any CPU.Build.0 = Release|Any CPU
	EndGlobalSection
	GlobalSection(SolutionProperties) = preSolution
		HideSolutionNode = FALSE
	EndGlobalSection
	GlobalSection(ExtensibilityGlobals) = postSolution
		SolutionGuid = {1DB89465-09A2-4C5E-8BE2-A49CA6402B32}
	EndGlobalSection
EndGlobal
